
Microsoft Visual Studio Solution File, Format Version 12.00
# Visual Studio Version 17
VisualStudioVersion = 17.9.34728.123
MinimumVisualStudioVersion = 10.0.40219.1
Project("{FAE04EC0-301F-11D3-BF4B-00C04F79EFBC}") = "View", "View\View.csproj", "{604446E5-7141-4963-A86A-3F89A0381CAC}"
EndProject
Project("{FAE04EC0-301F-11D3-BF4B-00C04F79EFBC}") = "Controller", "Controller\Controller.csproj", "{B342CCEF-94BD-4229-80C4-68D86D00D52A}"
EndProject
Project("{FAE04EC0-301F-11D3-BF4B-00C04F79EFBC}") = "Service", "Service\Service.csproj", "{7205F8FC-85AD-4558-B91E-41A0B3E1C800}"
EndProject
Project("{FAE04EC0-301F-11D3-BF4B-00C04F79EFBC}") = "Repository", "Repository\Repository.csproj", "{9F3A2422-5D62-41E9-A784-2124D263EA24}"
EndProject
Project("{9A19103F-16F7-4668-BE54-9A1E7A4F7556}") = "Model", "..\Persist\Model\Model.csproj", "{A61E221F-CAA6-44C5-9DF6-42DA33627804}"
EndProject
Global
	GlobalSection(SolutionConfigurationPlatforms) = preSolution
		Debug|Any CPU = Debug|Any CPU
		Release|Any CPU = Release|Any CPU
	EndGlobalSection
	GlobalSection(ProjectConfigurationPlatforms) = postSolution
		{604446E5-7141-4963-A86A-3F89A0381CAC}.Debug|Any CPU.ActiveCfg = Debug|Any CPU
		{604446E5-7141-4963-A86A-3F89A0381CAC}.Debug|Any CPU.Build.0 = Debug|Any CPU
		{604446E5-7141-4963-A86A-3F89A0381CAC}.Release|Any CPU.ActiveCfg = Release|Any CPU
		{604446E5-7141-4963-A86A-3F89A0381CAC}.Release|Any CPU.Build.0 = Release|Any CPU
		{B342CCEF-94BD-4229-80C4-68D86D00D52A}.Debug|Any CPU.ActiveCfg = Debug|Any CPU
		{B342CCEF-94BD-4229-80C4-68D86D00D52A}.Debug|Any CPU.Build.0 = Debug|Any CPU
		{B342CCEF-94BD-4229-80C4-68D86D00D52A}.Release|Any CPU.ActiveCfg = Release|Any CPU
		{B342CCEF-94BD-4229-80C4-68D86D00D52A}.Release|Any CPU.Build.0 = Release|Any CPU
		{7205F8FC-85AD-4558-B91E-41A0B3E1C800}.Debug|Any CPU.ActiveCfg = Debug|Any CPU
		{7205F8FC-85AD-4558-B91E-41A0B3E1C800}.Debug|Any CPU.Build.0 = Debug|Any CPU
		{7205F8FC-85AD-4558-B91E-41A0B3E1C800}.Release|Any CPU.ActiveCfg = Release|Any CPU
		{7205F8FC-85AD-4558-B91E-41A0B3E1C800}.Release|Any CPU.Build.0 = Release|Any CPU
		{9F3A2422-5D62-41E9-A784-2124D263EA24}.Debug|Any CPU.ActiveCfg = Debug|Any CPU
		{9F3A2422-5D62-41E9-A784-2124D263EA24}.Debug|Any CPU.Build.0 = Debug|Any CPU
		{9F3A2422-5D62-41E9-A784-2124D263EA24}.Release|Any CPU.ActiveCfg = Release|Any CPU
		{9F3A2422-5D62-41E9-A784-2124D263EA24}.Release|Any CPU.Build.0 = Release|Any CPU
		{A61E221F-CAA6-44C5-9DF6-42DA33627804}.Debug|Any CPU.ActiveCfg = Debug|Any CPU
		{A61E221F-CAA6-44C5-9DF6-42DA33627804}.Debug|Any CPU.Build.0 = Debug|Any CPU
		{A61E221F-CAA6-44C5-9DF6-42DA33627804}.Release|Any CPU.ActiveCfg = Release|Any CPU
		{A61E221F-CAA6-44C5-9DF6-42DA33627804}.Release|Any CPU.Build.0 = Release|Any CPU
	EndGlobalSection
	GlobalSection(SolutionProperties) = preSolution
		HideSolutionNode = FALSE
	EndGlobalSection
	GlobalSection(ExtensibilityGlobals) = postSolution
		SolutionGuid = {BF67FFB7-BA52-4819-89B4-80D6AE98C45F}
	EndGlobalSection
EndGlobal
