
Microsoft Visual Studio Solution File, Format Version 12.00
# Visual Studio Version 17
VisualStudioVersion = 17.9.34728.123
MinimumVisualStudioVersion = 10.0.40219.1
Project("{9A19103F-16F7-4668-BE54-9A1E7A4F7556}") = "View", "View\View.csproj", "{8E6D3CF0-621E-4A5B-A75D-79AAC4B4B383}"
EndProject
Project("{9A19103F-16F7-4668-BE54-9A1E7A4F7556}") = "Controller", "Controller\Controller.csproj", "{49A1C4B7-4A77-4C4E-BB15-06AC2325AC52}"
EndProject
Project("{9A19103F-16F7-4668-BE54-9A1E7A4F7556}") = "Service", "Service\Service.csproj", "{D380C55E-CD6D-4FED-BC99-555BC4DAAE45}"
EndProject
Project("{9A19103F-16F7-4668-BE54-9A1E7A4F7556}") = "Repository", "Repository\Repository.csproj", "{37AC0B72-DBF3-4861-B657-8B9FA693CDA6}"
EndProject
Project("{9A19103F-16F7-4668-BE54-9A1E7A4F7556}") = "Model", "Model\Model.csproj", "{3FFBFA26-C3E7-4D99-93A1-E09D1EA15DB1}"
EndProject
Global
	GlobalSection(SolutionConfigurationPlatforms) = preSolution
		Debug|Any CPU = Debug|Any CPU
		Release|Any CPU = Release|Any CPU
	EndGlobalSection
	GlobalSection(ProjectConfigurationPlatforms) = postSolution
		{8E6D3CF0-621E-4A5B-A75D-79AAC4B4B383}.Debug|Any CPU.ActiveCfg = Debug|Any CPU
		{8E6D3CF0-621E-4A5B-A75D-79AAC4B4B383}.Debug|Any CPU.Build.0 = Debug|Any CPU
		{8E6D3CF0-621E-4A5B-A75D-79AAC4B4B383}.Release|Any CPU.ActiveCfg = Release|Any CPU
		{8E6D3CF0-621E-4A5B-A75D-79AAC4B4B383}.Release|Any CPU.Build.0 = Release|Any CPU
		{49A1C4B7-4A77-4C4E-BB15-06AC2325AC52}.Debug|Any CPU.ActiveCfg = Debug|Any CPU
		{49A1C4B7-4A77-4C4E-BB15-06AC2325AC52}.Debug|Any CPU.Build.0 = Debug|Any CPU
		{49A1C4B7-4A77-4C4E-BB15-06AC2325AC52}.Release|Any CPU.ActiveCfg = Release|Any CPU
		{49A1C4B7-4A77-4C4E-BB15-06AC2325AC52}.Release|Any CPU.Build.0 = Release|Any CPU
		{D380C55E-CD6D-4FED-BC99-555BC4DAAE45}.Debug|Any CPU.ActiveCfg = Debug|Any CPU
		{D380C55E-CD6D-4FED-BC99-555BC4DAAE45}.Debug|Any CPU.Build.0 = Debug|Any CPU
		{D380C55E-CD6D-4FED-BC99-555BC4DAAE45}.Release|Any CPU.ActiveCfg = Release|Any CPU
		{D380C55E-CD6D-4FED-BC99-555BC4DAAE45}.Release|Any CPU.Build.0 = Release|Any CPU
		{37AC0B72-DBF3-4861-B657-8B9FA693CDA6}.Debug|Any CPU.ActiveCfg = Debug|Any CPU
		{37AC0B72-DBF3-4861-B657-8B9FA693CDA6}.Debug|Any CPU.Build.0 = Debug|Any CPU
		{37AC0B72-DBF3-4861-B657-8B9FA693CDA6}.Release|Any CPU.ActiveCfg = Release|Any CPU
		{37AC0B72-DBF3-4861-B657-8B9FA693CDA6}.Release|Any CPU.Build.0 = Release|Any CPU
		{3FFBFA26-C3E7-4D99-93A1-E09D1EA15DB1}.Debug|Any CPU.ActiveCfg = Debug|Any CPU
		{3FFBFA26-C3E7-4D99-93A1-E09D1EA15DB1}.Debug|Any CPU.Build.0 = Debug|Any CPU
		{3FFBFA26-C3E7-4D99-93A1-E09D1EA15DB1}.Release|Any CPU.ActiveCfg = Release|Any CPU
		{3FFBFA26-C3E7-4D99-93A1-E09D1EA15DB1}.Release|Any CPU.Build.0 = Release|Any CPU
	EndGlobalSection
	GlobalSection(SolutionProperties) = preSolution
		HideSolutionNode = FALSE
	EndGlobalSection
	GlobalSection(ExtensibilityGlobals) = postSolution
		SolutionGuid = {03A46828-8056-4CE5-A541-CCFF524F8850}
	EndGlobalSection
EndGlobal
